
Microsoft Visual Studio Solution File, Format Version 12.00
# Visual Studio Version 17
VisualStudioVersion = 17.9.34407.89
MinimumVisualStudioVersion = 10.0.40219.1
Project("{FAE04EC0-301F-11D3-BF4B-00C04F79EFBC}") = "API1", "API1\API1.csproj", "{17454516-13F4-4942-B520-752CCAA8AF29}"
EndProject
Project("{FAE04EC0-301F-11D3-BF4B-00C04F79EFBC}") = "API2", "API2\API2.csproj", "{4429C656-BB64-49BF-B037-6FEB2E729CFA}"
EndProject
Global
	GlobalSection(SolutionConfigurationPlatforms) = preSolution
		Debug|Any CPU = Debug|Any CPU
		Release|Any CPU = Release|Any CPU
	EndGlobalSection
	GlobalSection(ProjectConfigurationPlatforms) = postSolution
		{17454516-13F4-4942-B520-752CCAA8AF29}.Debug|Any CPU.ActiveCfg = Debug|Any CPU
		{17454516-13F4-4942-B520-752CCAA8AF29}.Debug|Any CPU.Build.0 = Debug|Any CPU
		{17454516-13F4-4942-B520-752CCAA8AF29}.Release|Any CPU.ActiveCfg = Release|Any CPU
		{17454516-13F4-4942-B520-752CCAA8AF29}.Release|Any CPU.Build.0 = Release|Any CPU
		{4429C656-BB64-49BF-B037-6FEB2E729CFA}.Debug|Any CPU.ActiveCfg = Debug|Any CPU
		{4429C656-BB64-49BF-B037-6FEB2E729CFA}.Debug|Any CPU.Build.0 = Debug|Any CPU
		{4429C656-BB64-49BF-B037-6FEB2E729CFA}.Release|Any CPU.ActiveCfg = Release|Any CPU
		{4429C656-BB64-49BF-B037-6FEB2E729CFA}.Release|Any CPU.Build.0 = Release|Any CPU
	EndGlobalSection
	GlobalSection(SolutionProperties) = preSolution
		HideSolutionNode = FALSE
	EndGlobalSection
	GlobalSection(ExtensibilityGlobals) = postSolution
		SolutionGuid = {1324BFC1-6EB6-4AA7-A623-2B7A6C2ACCD8}
	EndGlobalSection
EndGlobal
